
Microsoft Visual Studio Solution File, Format Version 12.00
# Visual Studio Version 16
VisualStudioVersion = 16.0.30413.136
MinimumVisualStudioVersion = 10.0.40219.1
Project("{8BC9CEB8-8B4A-11D0-8D11-00A0C91BC942}") = "(week4)Px", "(week4)Px\(week4)Px.vcxproj", "{F40879FD-96C3-4AC7-9683-04AE77F1E790}"
EndProject
Global
	GlobalSection(SolutionConfigurationPlatforms) = preSolution
		Debug|x64 = Debug|x64
		Debug|x86 = Debug|x86
		Release|x64 = Release|x64
		Release|x86 = Release|x86
	EndGlobalSection
	GlobalSection(ProjectConfigurationPlatforms) = postSolution
		{F40879FD-96C3-4AC7-9683-04AE77F1E790}.Debug|x64.ActiveCfg = Debug|x64
		{F40879FD-96C3-4AC7-9683-04AE77F1E790}.Debug|x64.Build.0 = Debug|x64
		{F40879FD-96C3-4AC7-9683-04AE77F1E790}.Debug|x86.ActiveCfg = Debug|Win32
		{F40879FD-96C3-4AC7-9683-04AE77F1E790}.Debug|x86.Build.0 = Debug|Win32
		{F40879FD-96C3-4AC7-9683-04AE77F1E790}.Release|x64.ActiveCfg = Release|x64
		{F40879FD-96C3-4AC7-9683-04AE77F1E790}.Release|x64.Build.0 = Release|x64
		{F40879FD-96C3-4AC7-9683-04AE77F1E790}.Release|x86.ActiveCfg = Release|Win32
		{F40879FD-96C3-4AC7-9683-04AE77F1E790}.Release|x86.Build.0 = Release|Win32
	EndGlobalSection
	GlobalSection(SolutionProperties) = preSolution
		HideSolutionNode = FALSE
	EndGlobalSection
	GlobalSection(ExtensibilityGlobals) = postSolution
		SolutionGuid = {2DAFA22C-F42E-4001-8BC9-B22BF12F8D6F}
	EndGlobalSection
EndGlobal
